
Microsoft Visual Studio Solution File, Format Version 12.00
# Visual Studio 15
VisualStudioVersion = 15.0.27130.2036
MinimumVisualStudioVersion = 10.0.40219.1
Project("{FAE04EC0-301F-11D3-BF4B-00C04F79EFBC}") = "Homework 21.03.18", "Homework 21.03.18\Homework 21.03.18.csproj", "{BA6E291D-2C73-48F3-BED1-8C61A864DEA1}"
EndProject
Project("{FAE04EC0-301F-11D3-BF4B-00C04F79EFBC}") = "a, b,c", "a, b,c\a, b,c.csproj", "{560808FE-D3AF-4AB1-856F-E503145A17C6}"
EndProject
Project("{FAE04EC0-301F-11D3-BF4B-00C04F79EFBC}") = "трехзначное число", "трехзначное число\трехзначное число.csproj", "{2F402385-9C09-4C8D-908C-0BD665C7E876}"
EndProject
Global
	GlobalSection(SolutionConfigurationPlatforms) = preSolution
		Debug|Any CPU = Debug|Any CPU
		Release|Any CPU = Release|Any CPU
	EndGlobalSection
	GlobalSection(ProjectConfigurationPlatforms) = postSolution
		{BA6E291D-2C73-48F3-BED1-8C61A864DEA1}.Debug|Any CPU.ActiveCfg = Debug|Any CPU
		{BA6E291D-2C73-48F3-BED1-8C61A864DEA1}.Debug|Any CPU.Build.0 = Debug|Any CPU
		{BA6E291D-2C73-48F3-BED1-8C61A864DEA1}.Release|Any CPU.ActiveCfg = Release|Any CPU
		{BA6E291D-2C73-48F3-BED1-8C61A864DEA1}.Release|Any CPU.Build.0 = Release|Any CPU
		{560808FE-D3AF-4AB1-856F-E503145A17C6}.Debug|Any CPU.ActiveCfg = Debug|Any CPU
		{560808FE-D3AF-4AB1-856F-E503145A17C6}.Debug|Any CPU.Build.0 = Debug|Any CPU
		{560808FE-D3AF-4AB1-856F-E503145A17C6}.Release|Any CPU.ActiveCfg = Release|Any CPU
		{560808FE-D3AF-4AB1-856F-E503145A17C6}.Release|Any CPU.Build.0 = Release|Any CPU
		{2F402385-9C09-4C8D-908C-0BD665C7E876}.Debug|Any CPU.ActiveCfg = Debug|Any CPU
		{2F402385-9C09-4C8D-908C-0BD665C7E876}.Debug|Any CPU.Build.0 = Debug|Any CPU
		{2F402385-9C09-4C8D-908C-0BD665C7E876}.Release|Any CPU.ActiveCfg = Release|Any CPU
		{2F402385-9C09-4C8D-908C-0BD665C7E876}.Release|Any CPU.Build.0 = Release|Any CPU
	EndGlobalSection
	GlobalSection(SolutionProperties) = preSolution
		HideSolutionNode = FALSE
	EndGlobalSection
	GlobalSection(ExtensibilityGlobals) = postSolution
		SolutionGuid = {26A4CB28-2EC5-4C3C-99FB-C0121E48F795}
	EndGlobalSection
EndGlobal
