
Microsoft Visual Studio Solution File, Format Version 12.00
# Visual Studio 15
VisualStudioVersion = 15.0.27130.2036
MinimumVisualStudioVersion = 10.0.40219.1
Project("{FAE04EC0-301F-11D3-BF4B-00C04F79EFBC}") = "HomeWork 26.03.18", "HomeWork 26.03.18\HomeWork 26.03.18.csproj", "{D35E9155-3D8A-4576-B41A-BA689B33E2EA}"
EndProject
Project("{FAE04EC0-301F-11D3-BF4B-00C04F79EFBC}") = "a+,+,+b", "a+,+,+b\a+,+,+b.csproj", "{4EE6B7E5-F65C-4111-857F-357BFADC67A3}"
EndProject
Project("{FAE04EC0-301F-11D3-BF4B-00C04F79EFBC}") = "1--999", "1--999\1--999.csproj", "{0955FB58-3DC6-49E1-9784-442FC5828CF5}"
EndProject
Project("{FAE04EC0-301F-11D3-BF4B-00C04F79EFBC}") = "ab", "ab\ab.csproj", "{43E2F0C4-F4B5-4603-8713-2DD699F43A1B}"
EndProject
Project("{FAE04EC0-301F-11D3-BF4B-00C04F79EFBC}") = "erknish  tiv", "erknish  tiv\erknish  tiv.csproj", "{FF2C1ED9-313D-4B92-A851-B3DE4B3A289C}"
EndProject
Global
	GlobalSection(SolutionConfigurationPlatforms) = preSolution
		Debug|Any CPU = Debug|Any CPU
		Release|Any CPU = Release|Any CPU
	EndGlobalSection
	GlobalSection(ProjectConfigurationPlatforms) = postSolution
		{D35E9155-3D8A-4576-B41A-BA689B33E2EA}.Debug|Any CPU.ActiveCfg = Debug|Any CPU
		{D35E9155-3D8A-4576-B41A-BA689B33E2EA}.Debug|Any CPU.Build.0 = Debug|Any CPU
		{D35E9155-3D8A-4576-B41A-BA689B33E2EA}.Release|Any CPU.ActiveCfg = Release|Any CPU
		{D35E9155-3D8A-4576-B41A-BA689B33E2EA}.Release|Any CPU.Build.0 = Release|Any CPU
		{4EE6B7E5-F65C-4111-857F-357BFADC67A3}.Debug|Any CPU.ActiveCfg = Debug|Any CPU
		{4EE6B7E5-F65C-4111-857F-357BFADC67A3}.Debug|Any CPU.Build.0 = Debug|Any CPU
		{4EE6B7E5-F65C-4111-857F-357BFADC67A3}.Release|Any CPU.ActiveCfg = Release|Any CPU
		{4EE6B7E5-F65C-4111-857F-357BFADC67A3}.Release|Any CPU.Build.0 = Release|Any CPU
		{0955FB58-3DC6-49E1-9784-442FC5828CF5}.Debug|Any CPU.ActiveCfg = Debug|Any CPU
		{0955FB58-3DC6-49E1-9784-442FC5828CF5}.Debug|Any CPU.Build.0 = Debug|Any CPU
		{0955FB58-3DC6-49E1-9784-442FC5828CF5}.Release|Any CPU.ActiveCfg = Release|Any CPU
		{0955FB58-3DC6-49E1-9784-442FC5828CF5}.Release|Any CPU.Build.0 = Release|Any CPU
		{43E2F0C4-F4B5-4603-8713-2DD699F43A1B}.Debug|Any CPU.ActiveCfg = Debug|Any CPU
		{43E2F0C4-F4B5-4603-8713-2DD699F43A1B}.Debug|Any CPU.Build.0 = Debug|Any CPU
		{43E2F0C4-F4B5-4603-8713-2DD699F43A1B}.Release|Any CPU.ActiveCfg = Release|Any CPU
		{43E2F0C4-F4B5-4603-8713-2DD699F43A1B}.Release|Any CPU.Build.0 = Release|Any CPU
		{FF2C1ED9-313D-4B92-A851-B3DE4B3A289C}.Debug|Any CPU.ActiveCfg = Debug|Any CPU
		{FF2C1ED9-313D-4B92-A851-B3DE4B3A289C}.Debug|Any CPU.Build.0 = Debug|Any CPU
		{FF2C1ED9-313D-4B92-A851-B3DE4B3A289C}.Release|Any CPU.ActiveCfg = Release|Any CPU
		{FF2C1ED9-313D-4B92-A851-B3DE4B3A289C}.Release|Any CPU.Build.0 = Release|Any CPU
	EndGlobalSection
	GlobalSection(SolutionProperties) = preSolution
		HideSolutionNode = FALSE
	EndGlobalSection
	GlobalSection(ExtensibilityGlobals) = postSolution
		SolutionGuid = {4DC6A240-244F-4FF3-955B-0F96DE665C72}
	EndGlobalSection
EndGlobal
