
Microsoft Visual Studio Solution File, Format Version 12.00
# Visual Studio 15
VisualStudioVersion = 15.0.27428.1
MinimumVisualStudioVersion = 10.0.40219.1
Project("{FAE04EC0-301F-11D3-BF4B-00C04F79EFBC}") = "Homework 26.03", "Homework 26.03\Homework 26.03.csproj", "{A20E0027-95F9-492B-A674-ADDBE308B5E9}"
EndProject
Project("{FAE04EC0-301F-11D3-BF4B-00C04F79EFBC}") = "01", "01.\01.csproj", "{41B4F849-9FD1-47B4-AC54-F7A53F76F30A}"
EndProject
Project("{FAE04EC0-301F-11D3-BF4B-00C04F79EFBC}") = "02", "02.\02.csproj", "{F4F374AA-A22E-4A1C-A415-554463BBF52C}"
EndProject
Project("{FAE04EC0-301F-11D3-BF4B-00C04F79EFBC}") = "03", "03.\03.csproj", "{5627C2C3-CDE8-4F34-8EFE-7B9051F018AE}"
EndProject
Project("{FAE04EC0-301F-11D3-BF4B-00C04F79EFBC}") = "04", "04.\04.csproj", "{EA7C9908-1D47-4313-B5A5-93CFC4C37056}"
EndProject
Project("{FAE04EC0-301F-11D3-BF4B-00C04F79EFBC}") = "05", "05.\05.csproj", "{64F5F939-CF7C-4905-90A6-D657E507C120}"
EndProject
Project("{FAE04EC0-301F-11D3-BF4B-00C04F79EFBC}") = "06", "06.\06.csproj", "{4D4CB7AB-E681-4DAD-95ED-9FB48AF5CBD9}"
EndProject
Project("{FAE04EC0-301F-11D3-BF4B-00C04F79EFBC}") = "07", "07\07.csproj", "{21C56021-EC37-4B5B-B230-C8A99441367F}"
EndProject
Project("{FAE04EC0-301F-11D3-BF4B-00C04F79EFBC}") = "08", "08.\08.csproj", "{34B1E8A8-D8F5-4979-9A1E-DB95DB87E0C8}"
EndProject
Project("{FAE04EC0-301F-11D3-BF4B-00C04F79EFBC}") = "09", "09\09.csproj", "{2759A07A-CB7F-43C8-9E1A-2DE6BBA94A2B}"
EndProject
Project("{FAE04EC0-301F-11D3-BF4B-00C04F79EFBC}") = "10", "10\10.csproj", "{051E79B1-1520-4617-8B68-D00D8C22ACC3}"
EndProject
Project("{FAE04EC0-301F-11D3-BF4B-00C04F79EFBC}") = "11", "11\11.csproj", "{1AC98452-456B-48CE-85C4-B48894F56EA3}"
EndProject
Project("{FAE04EC0-301F-11D3-BF4B-00C04F79EFBC}") = "12", "12\12.csproj", "{D5BB1935-A20B-45C5-BB50-D5ABF920C93A}"
EndProject
Project("{FAE04EC0-301F-11D3-BF4B-00C04F79EFBC}") = "13", "13\13.csproj", "{2C0DCB07-EED4-4E29-98AB-89081AC182AE}"
EndProject
Project("{FAE04EC0-301F-11D3-BF4B-00C04F79EFBC}") = "14", "14\14.csproj", "{A9FC9D98-41B1-45A5-9096-C410407272A5}"
EndProject
Project("{FAE04EC0-301F-11D3-BF4B-00C04F79EFBC}") = "15", "15\15.csproj", "{8205F777-D090-421C-80A4-7DE21D42C79F}"
EndProject
Project("{FAE04EC0-301F-11D3-BF4B-00C04F79EFBC}") = "16", "16\16.csproj", "{16347521-DE2E-4B12-98EA-282348C58A4D}"
EndProject
Project("{FAE04EC0-301F-11D3-BF4B-00C04F79EFBC}") = "17", "17\17.csproj", "{49A37F20-EA77-4538-A0CD-39C2BB8BBC83}"
EndProject
Project("{FAE04EC0-301F-11D3-BF4B-00C04F79EFBC}") = "18", "18\18.csproj", "{BEBA43E5-7B6B-4B05-8C9E-DDC48CD91777}"
EndProject
Project("{FAE04EC0-301F-11D3-BF4B-00C04F79EFBC}") = "19", "19\19.csproj", "{BCD96B76-180F-4522-B461-9E5FA9D7792F}"
EndProject
Project("{FAE04EC0-301F-11D3-BF4B-00C04F79EFBC}") = "20", "20\20.csproj", "{06A648B6-D718-4682-B9EF-B3CBD5746039}"
EndProject
Global
	GlobalSection(SolutionConfigurationPlatforms) = preSolution
		Debug|Any CPU = Debug|Any CPU
		Release|Any CPU = Release|Any CPU
	EndGlobalSection
	GlobalSection(ProjectConfigurationPlatforms) = postSolution
		{A20E0027-95F9-492B-A674-ADDBE308B5E9}.Debug|Any CPU.ActiveCfg = Debug|Any CPU
		{A20E0027-95F9-492B-A674-ADDBE308B5E9}.Debug|Any CPU.Build.0 = Debug|Any CPU
		{A20E0027-95F9-492B-A674-ADDBE308B5E9}.Release|Any CPU.ActiveCfg = Release|Any CPU
		{A20E0027-95F9-492B-A674-ADDBE308B5E9}.Release|Any CPU.Build.0 = Release|Any CPU
		{41B4F849-9FD1-47B4-AC54-F7A53F76F30A}.Debug|Any CPU.ActiveCfg = Debug|Any CPU
		{41B4F849-9FD1-47B4-AC54-F7A53F76F30A}.Debug|Any CPU.Build.0 = Debug|Any CPU
		{41B4F849-9FD1-47B4-AC54-F7A53F76F30A}.Release|Any CPU.ActiveCfg = Release|Any CPU
		{41B4F849-9FD1-47B4-AC54-F7A53F76F30A}.Release|Any CPU.Build.0 = Release|Any CPU
		{F4F374AA-A22E-4A1C-A415-554463BBF52C}.Debug|Any CPU.ActiveCfg = Debug|Any CPU
		{F4F374AA-A22E-4A1C-A415-554463BBF52C}.Debug|Any CPU.Build.0 = Debug|Any CPU
		{F4F374AA-A22E-4A1C-A415-554463BBF52C}.Release|Any CPU.ActiveCfg = Release|Any CPU
		{F4F374AA-A22E-4A1C-A415-554463BBF52C}.Release|Any CPU.Build.0 = Release|Any CPU
		{5627C2C3-CDE8-4F34-8EFE-7B9051F018AE}.Debug|Any CPU.ActiveCfg = Debug|Any CPU
		{5627C2C3-CDE8-4F34-8EFE-7B9051F018AE}.Debug|Any CPU.Build.0 = Debug|Any CPU
		{5627C2C3-CDE8-4F34-8EFE-7B9051F018AE}.Release|Any CPU.ActiveCfg = Release|Any CPU
		{5627C2C3-CDE8-4F34-8EFE-7B9051F018AE}.Release|Any CPU.Build.0 = Release|Any CPU
		{EA7C9908-1D47-4313-B5A5-93CFC4C37056}.Debug|Any CPU.ActiveCfg = Debug|Any CPU
		{EA7C9908-1D47-4313-B5A5-93CFC4C37056}.Debug|Any CPU.Build.0 = Debug|Any CPU
		{EA7C9908-1D47-4313-B5A5-93CFC4C37056}.Release|Any CPU.ActiveCfg = Release|Any CPU
		{EA7C9908-1D47-4313-B5A5-93CFC4C37056}.Release|Any CPU.Build.0 = Release|Any CPU
		{64F5F939-CF7C-4905-90A6-D657E507C120}.Debug|Any CPU.ActiveCfg = Debug|Any CPU
		{64F5F939-CF7C-4905-90A6-D657E507C120}.Debug|Any CPU.Build.0 = Debug|Any CPU
		{64F5F939-CF7C-4905-90A6-D657E507C120}.Release|Any CPU.ActiveCfg = Release|Any CPU
		{64F5F939-CF7C-4905-90A6-D657E507C120}.Release|Any CPU.Build.0 = Release|Any CPU
		{4D4CB7AB-E681-4DAD-95ED-9FB48AF5CBD9}.Debug|Any CPU.ActiveCfg = Debug|Any CPU
		{4D4CB7AB-E681-4DAD-95ED-9FB48AF5CBD9}.Debug|Any CPU.Build.0 = Debug|Any CPU
		{4D4CB7AB-E681-4DAD-95ED-9FB48AF5CBD9}.Release|Any CPU.ActiveCfg = Release|Any CPU
		{4D4CB7AB-E681-4DAD-95ED-9FB48AF5CBD9}.Release|Any CPU.Build.0 = Release|Any CPU
		{21C56021-EC37-4B5B-B230-C8A99441367F}.Debug|Any CPU.ActiveCfg = Debug|Any CPU
		{21C56021-EC37-4B5B-B230-C8A99441367F}.Debug|Any CPU.Build.0 = Debug|Any CPU
		{21C56021-EC37-4B5B-B230-C8A99441367F}.Release|Any CPU.ActiveCfg = Release|Any CPU
		{21C56021-EC37-4B5B-B230-C8A99441367F}.Release|Any CPU.Build.0 = Release|Any CPU
		{34B1E8A8-D8F5-4979-9A1E-DB95DB87E0C8}.Debug|Any CPU.ActiveCfg = Debug|Any CPU
		{34B1E8A8-D8F5-4979-9A1E-DB95DB87E0C8}.Debug|Any CPU.Build.0 = Debug|Any CPU
		{34B1E8A8-D8F5-4979-9A1E-DB95DB87E0C8}.Release|Any CPU.ActiveCfg = Release|Any CPU
		{34B1E8A8-D8F5-4979-9A1E-DB95DB87E0C8}.Release|Any CPU.Build.0 = Release|Any CPU
		{2759A07A-CB7F-43C8-9E1A-2DE6BBA94A2B}.Debug|Any CPU.ActiveCfg = Debug|Any CPU
		{2759A07A-CB7F-43C8-9E1A-2DE6BBA94A2B}.Debug|Any CPU.Build.0 = Debug|Any CPU
		{2759A07A-CB7F-43C8-9E1A-2DE6BBA94A2B}.Release|Any CPU.ActiveCfg = Release|Any CPU
		{2759A07A-CB7F-43C8-9E1A-2DE6BBA94A2B}.Release|Any CPU.Build.0 = Release|Any CPU
		{051E79B1-1520-4617-8B68-D00D8C22ACC3}.Debug|Any CPU.ActiveCfg = Debug|Any CPU
		{051E79B1-1520-4617-8B68-D00D8C22ACC3}.Debug|Any CPU.Build.0 = Debug|Any CPU
		{051E79B1-1520-4617-8B68-D00D8C22ACC3}.Release|Any CPU.ActiveCfg = Release|Any CPU
		{051E79B1-1520-4617-8B68-D00D8C22ACC3}.Release|Any CPU.Build.0 = Release|Any CPU
		{1AC98452-456B-48CE-85C4-B48894F56EA3}.Debug|Any CPU.ActiveCfg = Debug|Any CPU
		{1AC98452-456B-48CE-85C4-B48894F56EA3}.Debug|Any CPU.Build.0 = Debug|Any CPU
		{1AC98452-456B-48CE-85C4-B48894F56EA3}.Release|Any CPU.ActiveCfg = Release|Any CPU
		{1AC98452-456B-48CE-85C4-B48894F56EA3}.Release|Any CPU.Build.0 = Release|Any CPU
		{D5BB1935-A20B-45C5-BB50-D5ABF920C93A}.Debug|Any CPU.ActiveCfg = Debug|Any CPU
		{D5BB1935-A20B-45C5-BB50-D5ABF920C93A}.Debug|Any CPU.Build.0 = Debug|Any CPU
		{D5BB1935-A20B-45C5-BB50-D5ABF920C93A}.Release|Any CPU.ActiveCfg = Release|Any CPU
		{D5BB1935-A20B-45C5-BB50-D5ABF920C93A}.Release|Any CPU.Build.0 = Release|Any CPU
		{2C0DCB07-EED4-4E29-98AB-89081AC182AE}.Debug|Any CPU.ActiveCfg = Debug|Any CPU
		{2C0DCB07-EED4-4E29-98AB-89081AC182AE}.Debug|Any CPU.Build.0 = Debug|Any CPU
		{2C0DCB07-EED4-4E29-98AB-89081AC182AE}.Release|Any CPU.ActiveCfg = Release|Any CPU
		{2C0DCB07-EED4-4E29-98AB-89081AC182AE}.Release|Any CPU.Build.0 = Release|Any CPU
		{A9FC9D98-41B1-45A5-9096-C410407272A5}.Debug|Any CPU.ActiveCfg = Debug|Any CPU
		{A9FC9D98-41B1-45A5-9096-C410407272A5}.Debug|Any CPU.Build.0 = Debug|Any CPU
		{A9FC9D98-41B1-45A5-9096-C410407272A5}.Release|Any CPU.ActiveCfg = Release|Any CPU
		{A9FC9D98-41B1-45A5-9096-C410407272A5}.Release|Any CPU.Build.0 = Release|Any CPU
		{8205F777-D090-421C-80A4-7DE21D42C79F}.Debug|Any CPU.ActiveCfg = Debug|Any CPU
		{8205F777-D090-421C-80A4-7DE21D42C79F}.Debug|Any CPU.Build.0 = Debug|Any CPU
		{8205F777-D090-421C-80A4-7DE21D42C79F}.Release|Any CPU.ActiveCfg = Release|Any CPU
		{8205F777-D090-421C-80A4-7DE21D42C79F}.Release|Any CPU.Build.0 = Release|Any CPU
		{16347521-DE2E-4B12-98EA-282348C58A4D}.Debug|Any CPU.ActiveCfg = Debug|Any CPU
		{16347521-DE2E-4B12-98EA-282348C58A4D}.Debug|Any CPU.Build.0 = Debug|Any CPU
		{16347521-DE2E-4B12-98EA-282348C58A4D}.Release|Any CPU.ActiveCfg = Release|Any CPU
		{16347521-DE2E-4B12-98EA-282348C58A4D}.Release|Any CPU.Build.0 = Release|Any CPU
		{49A37F20-EA77-4538-A0CD-39C2BB8BBC83}.Debug|Any CPU.ActiveCfg = Debug|Any CPU
		{49A37F20-EA77-4538-A0CD-39C2BB8BBC83}.Debug|Any CPU.Build.0 = Debug|Any CPU
		{49A37F20-EA77-4538-A0CD-39C2BB8BBC83}.Release|Any CPU.ActiveCfg = Release|Any CPU
		{49A37F20-EA77-4538-A0CD-39C2BB8BBC83}.Release|Any CPU.Build.0 = Release|Any CPU
		{BEBA43E5-7B6B-4B05-8C9E-DDC48CD91777}.Debug|Any CPU.ActiveCfg = Debug|Any CPU
		{BEBA43E5-7B6B-4B05-8C9E-DDC48CD91777}.Debug|Any CPU.Build.0 = Debug|Any CPU
		{BEBA43E5-7B6B-4B05-8C9E-DDC48CD91777}.Release|Any CPU.ActiveCfg = Release|Any CPU
		{BEBA43E5-7B6B-4B05-8C9E-DDC48CD91777}.Release|Any CPU.Build.0 = Release|Any CPU
		{BCD96B76-180F-4522-B461-9E5FA9D7792F}.Debug|Any CPU.ActiveCfg = Debug|Any CPU
		{BCD96B76-180F-4522-B461-9E5FA9D7792F}.Debug|Any CPU.Build.0 = Debug|Any CPU
		{BCD96B76-180F-4522-B461-9E5FA9D7792F}.Release|Any CPU.ActiveCfg = Release|Any CPU
		{BCD96B76-180F-4522-B461-9E5FA9D7792F}.Release|Any CPU.Build.0 = Release|Any CPU
		{06A648B6-D718-4682-B9EF-B3CBD5746039}.Debug|Any CPU.ActiveCfg = Debug|Any CPU
		{06A648B6-D718-4682-B9EF-B3CBD5746039}.Debug|Any CPU.Build.0 = Debug|Any CPU
		{06A648B6-D718-4682-B9EF-B3CBD5746039}.Release|Any CPU.ActiveCfg = Release|Any CPU
		{06A648B6-D718-4682-B9EF-B3CBD5746039}.Release|Any CPU.Build.0 = Release|Any CPU
	EndGlobalSection
	GlobalSection(SolutionProperties) = preSolution
		HideSolutionNode = FALSE
	EndGlobalSection
	GlobalSection(ExtensibilityGlobals) = postSolution
		SolutionGuid = {33CC042C-F5A0-43F1-965E-A70070DE9369}
	EndGlobalSection
EndGlobal
