
Microsoft Visual Studio Solution File, Format Version 12.00
# Visual Studio 15
VisualStudioVersion = 15.0.27130.2036
MinimumVisualStudioVersion = 10.0.40219.1
Project("{FAE04EC0-301F-11D3-BF4B-00C04F79EFBC}") = "Длина окружности круга", "Длина окружности круга\Длина окружности круга.csproj", "{15B697F4-1C11-40F7-B132-84F12B0FFA89}"
EndProject
Global
	GlobalSection(SolutionConfigurationPlatforms) = preSolution
		Debug|Any CPU = Debug|Any CPU
		Release|Any CPU = Release|Any CPU
	EndGlobalSection
	GlobalSection(ProjectConfigurationPlatforms) = postSolution
		{15B697F4-1C11-40F7-B132-84F12B0FFA89}.Debug|Any CPU.ActiveCfg = Debug|Any CPU
		{15B697F4-1C11-40F7-B132-84F12B0FFA89}.Debug|Any CPU.Build.0 = Debug|Any CPU
		{15B697F4-1C11-40F7-B132-84F12B0FFA89}.Release|Any CPU.ActiveCfg = Release|Any CPU
		{15B697F4-1C11-40F7-B132-84F12B0FFA89}.Release|Any CPU.Build.0 = Release|Any CPU
	EndGlobalSection
	GlobalSection(SolutionProperties) = preSolution
		HideSolutionNode = FALSE
	EndGlobalSection
	GlobalSection(ExtensibilityGlobals) = postSolution
		SolutionGuid = {3B31B60B-31FE-4682-A93F-FE12D2F5C035}
	EndGlobalSection
EndGlobal
