
Microsoft Visual Studio Solution File, Format Version 12.00
# Visual Studio 15
VisualStudioVersion = 15.0.27130.2036
MinimumVisualStudioVersion = 10.0.40219.1
Project("{FAE04EC0-301F-11D3-BF4B-00C04F79EFBC}") = "Homework 28.03", "Homework 28.03\Homework 28.03.csproj", "{F306CC26-B64C-4BEC-81D3-5C2ACA387DD9}"
EndProject
Project("{FAE04EC0-301F-11D3-BF4B-00C04F79EFBC}") = "erankyun", "erankyun\erankyun.csproj", "{A312AA59-36C7-47B5-8EB4-BD52F6651352}"
EndProject
Project("{FAE04EC0-301F-11D3-BF4B-00C04F79EFBC}") = "Rubo  liq@", "Rubo  liq@\Rubo  liq@.csproj", "{EA9BF4AD-DDEE-40F4-85EA-3B4A864AA82B}"
EndProject
Project("{FAE04EC0-301F-11D3-BF4B-00C04F79EFBC}") = "uxankyun", "uxankyun\uxankyun.csproj", "{421347B1-AC58-40A6-B596-FE771440D47C}"
EndProject
Project("{FAE04EC0-301F-11D3-BF4B-00C04F79EFBC}") = "ConsoleApp1", "ConsoleApp1\ConsoleApp1.csproj", "{18C5A638-EA97-49BF-84D9-E7BA36898D21}"
EndProject
Global
	GlobalSection(SolutionConfigurationPlatforms) = preSolution
		Debug|Any CPU = Debug|Any CPU
		Release|Any CPU = Release|Any CPU
	EndGlobalSection
	GlobalSection(ProjectConfigurationPlatforms) = postSolution
		{F306CC26-B64C-4BEC-81D3-5C2ACA387DD9}.Debug|Any CPU.ActiveCfg = Debug|Any CPU
		{F306CC26-B64C-4BEC-81D3-5C2ACA387DD9}.Debug|Any CPU.Build.0 = Debug|Any CPU
		{F306CC26-B64C-4BEC-81D3-5C2ACA387DD9}.Release|Any CPU.ActiveCfg = Release|Any CPU
		{F306CC26-B64C-4BEC-81D3-5C2ACA387DD9}.Release|Any CPU.Build.0 = Release|Any CPU
		{A312AA59-36C7-47B5-8EB4-BD52F6651352}.Debug|Any CPU.ActiveCfg = Debug|Any CPU
		{A312AA59-36C7-47B5-8EB4-BD52F6651352}.Debug|Any CPU.Build.0 = Debug|Any CPU
		{A312AA59-36C7-47B5-8EB4-BD52F6651352}.Release|Any CPU.ActiveCfg = Release|Any CPU
		{A312AA59-36C7-47B5-8EB4-BD52F6651352}.Release|Any CPU.Build.0 = Release|Any CPU
		{EA9BF4AD-DDEE-40F4-85EA-3B4A864AA82B}.Debug|Any CPU.ActiveCfg = Debug|Any CPU
		{EA9BF4AD-DDEE-40F4-85EA-3B4A864AA82B}.Debug|Any CPU.Build.0 = Debug|Any CPU
		{EA9BF4AD-DDEE-40F4-85EA-3B4A864AA82B}.Release|Any CPU.ActiveCfg = Release|Any CPU
		{EA9BF4AD-DDEE-40F4-85EA-3B4A864AA82B}.Release|Any CPU.Build.0 = Release|Any CPU
		{421347B1-AC58-40A6-B596-FE771440D47C}.Debug|Any CPU.ActiveCfg = Debug|Any CPU
		{421347B1-AC58-40A6-B596-FE771440D47C}.Debug|Any CPU.Build.0 = Debug|Any CPU
		{421347B1-AC58-40A6-B596-FE771440D47C}.Release|Any CPU.ActiveCfg = Release|Any CPU
		{421347B1-AC58-40A6-B596-FE771440D47C}.Release|Any CPU.Build.0 = Release|Any CPU
		{18C5A638-EA97-49BF-84D9-E7BA36898D21}.Debug|Any CPU.ActiveCfg = Debug|Any CPU
		{18C5A638-EA97-49BF-84D9-E7BA36898D21}.Debug|Any CPU.Build.0 = Debug|Any CPU
		{18C5A638-EA97-49BF-84D9-E7BA36898D21}.Release|Any CPU.ActiveCfg = Release|Any CPU
		{18C5A638-EA97-49BF-84D9-E7BA36898D21}.Release|Any CPU.Build.0 = Release|Any CPU
	EndGlobalSection
	GlobalSection(SolutionProperties) = preSolution
		HideSolutionNode = FALSE
	EndGlobalSection
	GlobalSection(ExtensibilityGlobals) = postSolution
		SolutionGuid = {2F0643EB-C684-4F0B-A85E-04D9C60EEE8F}
	EndGlobalSection
EndGlobal
