
Microsoft Visual Studio Solution File, Format Version 12.00
# Visual Studio 15
VisualStudioVersion = 15.0.27130.2036
MinimumVisualStudioVersion = 10.0.40219.1
Project("{FAE04EC0-301F-11D3-BF4B-00C04F79EFBC}") = "процент a b", "процент a b\процент a b.csproj", "{B04A9F80-7A2D-4BE0-B072-4225F834D43E}"
EndProject
Global
	GlobalSection(SolutionConfigurationPlatforms) = preSolution
		Debug|Any CPU = Debug|Any CPU
		Release|Any CPU = Release|Any CPU
	EndGlobalSection
	GlobalSection(ProjectConfigurationPlatforms) = postSolution
		{B04A9F80-7A2D-4BE0-B072-4225F834D43E}.Debug|Any CPU.ActiveCfg = Debug|Any CPU
		{B04A9F80-7A2D-4BE0-B072-4225F834D43E}.Debug|Any CPU.Build.0 = Debug|Any CPU
		{B04A9F80-7A2D-4BE0-B072-4225F834D43E}.Release|Any CPU.ActiveCfg = Release|Any CPU
		{B04A9F80-7A2D-4BE0-B072-4225F834D43E}.Release|Any CPU.Build.0 = Release|Any CPU
	EndGlobalSection
	GlobalSection(SolutionProperties) = preSolution
		HideSolutionNode = FALSE
	EndGlobalSection
	GlobalSection(ExtensibilityGlobals) = postSolution
		SolutionGuid = {C65EDB13-826E-4AE2-A453-A29D17E3ADF7}
	EndGlobalSection
EndGlobal
