
Microsoft Visual Studio Solution File, Format Version 12.00
# Visual Studio 15
VisualStudioVersion = 15.0.27130.2036
MinimumVisualStudioVersion = 10.0.40219.1
Project("{FAE04EC0-301F-11D3-BF4B-00C04F79EFBC}") = "Homework 06.04.18", "06.04.18\Homework 06.04.18.csproj", "{BFEE834F-9C69-47F5-A657-79E3FC8B451C}"
EndProject
Project("{FAE04EC0-301F-11D3-BF4B-00C04F79EFBC}") = "01", "01\01.csproj", "{E8B01E7C-ED97-487B-871D-56E7AE226244}"
EndProject
Project("{FAE04EC0-301F-11D3-BF4B-00C04F79EFBC}") = "02", "02\02.csproj", "{8096F954-BC98-4816-B36B-421736B34061}"
EndProject
Project("{FAE04EC0-301F-11D3-BF4B-00C04F79EFBC}") = "03", "03\03.csproj", "{6CB66D44-A5E1-47E6-8446-C837E97D3653}"
EndProject
Project("{FAE04EC0-301F-11D3-BF4B-00C04F79EFBC}") = "04", "04\04.csproj", "{6AF12545-EB2B-4C44-8B0D-CFCA17D56E76}"
EndProject
Project("{FAE04EC0-301F-11D3-BF4B-00C04F79EFBC}") = "05", "05\05.csproj", "{45004BB7-7970-4293-A04D-BF7FAC0FED88}"
EndProject
Project("{FAE04EC0-301F-11D3-BF4B-00C04F79EFBC}") = "06", "06\06.csproj", "{9E6B88DD-51A5-4438-B6B1-3AB641A017F3}"
EndProject
Global
	GlobalSection(SolutionConfigurationPlatforms) = preSolution
		Debug|Any CPU = Debug|Any CPU
		Release|Any CPU = Release|Any CPU
	EndGlobalSection
	GlobalSection(ProjectConfigurationPlatforms) = postSolution
		{BFEE834F-9C69-47F5-A657-79E3FC8B451C}.Debug|Any CPU.ActiveCfg = Debug|Any CPU
		{BFEE834F-9C69-47F5-A657-79E3FC8B451C}.Debug|Any CPU.Build.0 = Debug|Any CPU
		{BFEE834F-9C69-47F5-A657-79E3FC8B451C}.Release|Any CPU.ActiveCfg = Release|Any CPU
		{BFEE834F-9C69-47F5-A657-79E3FC8B451C}.Release|Any CPU.Build.0 = Release|Any CPU
		{E8B01E7C-ED97-487B-871D-56E7AE226244}.Debug|Any CPU.ActiveCfg = Debug|Any CPU
		{E8B01E7C-ED97-487B-871D-56E7AE226244}.Debug|Any CPU.Build.0 = Debug|Any CPU
		{E8B01E7C-ED97-487B-871D-56E7AE226244}.Release|Any CPU.ActiveCfg = Release|Any CPU
		{E8B01E7C-ED97-487B-871D-56E7AE226244}.Release|Any CPU.Build.0 = Release|Any CPU
		{8096F954-BC98-4816-B36B-421736B34061}.Debug|Any CPU.ActiveCfg = Debug|Any CPU
		{8096F954-BC98-4816-B36B-421736B34061}.Debug|Any CPU.Build.0 = Debug|Any CPU
		{8096F954-BC98-4816-B36B-421736B34061}.Release|Any CPU.ActiveCfg = Release|Any CPU
		{8096F954-BC98-4816-B36B-421736B34061}.Release|Any CPU.Build.0 = Release|Any CPU
		{6CB66D44-A5E1-47E6-8446-C837E97D3653}.Debug|Any CPU.ActiveCfg = Debug|Any CPU
		{6CB66D44-A5E1-47E6-8446-C837E97D3653}.Debug|Any CPU.Build.0 = Debug|Any CPU
		{6CB66D44-A5E1-47E6-8446-C837E97D3653}.Release|Any CPU.ActiveCfg = Release|Any CPU
		{6CB66D44-A5E1-47E6-8446-C837E97D3653}.Release|Any CPU.Build.0 = Release|Any CPU
		{6AF12545-EB2B-4C44-8B0D-CFCA17D56E76}.Debug|Any CPU.ActiveCfg = Debug|Any CPU
		{6AF12545-EB2B-4C44-8B0D-CFCA17D56E76}.Debug|Any CPU.Build.0 = Debug|Any CPU
		{6AF12545-EB2B-4C44-8B0D-CFCA17D56E76}.Release|Any CPU.ActiveCfg = Release|Any CPU
		{6AF12545-EB2B-4C44-8B0D-CFCA17D56E76}.Release|Any CPU.Build.0 = Release|Any CPU
		{45004BB7-7970-4293-A04D-BF7FAC0FED88}.Debug|Any CPU.ActiveCfg = Debug|Any CPU
		{45004BB7-7970-4293-A04D-BF7FAC0FED88}.Debug|Any CPU.Build.0 = Debug|Any CPU
		{45004BB7-7970-4293-A04D-BF7FAC0FED88}.Release|Any CPU.ActiveCfg = Release|Any CPU
		{45004BB7-7970-4293-A04D-BF7FAC0FED88}.Release|Any CPU.Build.0 = Release|Any CPU
		{9E6B88DD-51A5-4438-B6B1-3AB641A017F3}.Debug|Any CPU.ActiveCfg = Debug|Any CPU
		{9E6B88DD-51A5-4438-B6B1-3AB641A017F3}.Debug|Any CPU.Build.0 = Debug|Any CPU
		{9E6B88DD-51A5-4438-B6B1-3AB641A017F3}.Release|Any CPU.ActiveCfg = Release|Any CPU
		{9E6B88DD-51A5-4438-B6B1-3AB641A017F3}.Release|Any CPU.Build.0 = Release|Any CPU
	EndGlobalSection
	GlobalSection(SolutionProperties) = preSolution
		HideSolutionNode = FALSE
	EndGlobalSection
	GlobalSection(ExtensibilityGlobals) = postSolution
		SolutionGuid = {99C2CDB3-F0BD-4CA5-87AB-558F22D859D6}
	EndGlobalSection
EndGlobal
