
Microsoft Visual Studio Solution File, Format Version 12.00
# Visual Studio 15
VisualStudioVersion = 15.0.27130.2036
MinimumVisualStudioVersion = 10.0.40219.1
Project("{FAE04EC0-301F-11D3-BF4B-00C04F79EFBC}") = "Homework 30.03", "Homework 30.03\Homework 30.03.csproj", "{BCA06A0C-5EB9-4488-958C-61344E8A0AD5}"
EndProject
Project("{FAE04EC0-301F-11D3-BF4B-00C04F79EFBC}") = "01", "01\01.csproj", "{6B58A91E-E26A-4A89-890C-AFBBA29DC32E}"
EndProject
Project("{FAE04EC0-301F-11D3-BF4B-00C04F79EFBC}") = "02", "02\02.csproj", "{5005FC67-25FE-4BC1-9A7E-B3A49900B9EF}"
EndProject
Project("{FAE04EC0-301F-11D3-BF4B-00C04F79EFBC}") = "03", "03\03.csproj", "{E76E0429-C9ED-403B-8082-F38156C8D0C5}"
EndProject
Project("{FAE04EC0-301F-11D3-BF4B-00C04F79EFBC}") = "04", "04\04.csproj", "{160E1412-0973-4AC1-8DB5-C69228F87DFE}"
EndProject
Project("{FAE04EC0-301F-11D3-BF4B-00C04F79EFBC}") = "05", "05\05.csproj", "{B6249F27-327F-49A6-A778-574F0CD73F95}"
EndProject
Project("{FAE04EC0-301F-11D3-BF4B-00C04F79EFBC}") = "06", "06\06.csproj", "{CC3A174D-148B-486C-B9B6-2AB32194E923}"
EndProject
Project("{FAE04EC0-301F-11D3-BF4B-00C04F79EFBC}") = "07", "07\07.csproj", "{A7D3044F-A8D8-4AD6-A3DE-675C692EF839}"
EndProject
Project("{FAE04EC0-301F-11D3-BF4B-00C04F79EFBC}") = "08", "08\08.csproj", "{F5C332D5-0A89-4385-8FEB-E909F9F9E565}"
EndProject
Project("{FAE04EC0-301F-11D3-BF4B-00C04F79EFBC}") = "09", "09\09.csproj", "{450CEB33-117B-4D7E-92FE-53821F37FAE1}"
EndProject
Project("{FAE04EC0-301F-11D3-BF4B-00C04F79EFBC}") = "10", "10\10.csproj", "{4137EF94-4245-49C4-884B-BDA10E94304D}"
EndProject
Project("{FAE04EC0-301F-11D3-BF4B-00C04F79EFBC}") = "11", "11\11.csproj", "{17AFAE71-F5D3-4E1A-B170-DC5EDDCA4AA2}"
EndProject
Global
	GlobalSection(SolutionConfigurationPlatforms) = preSolution
		Debug|Any CPU = Debug|Any CPU
		Release|Any CPU = Release|Any CPU
	EndGlobalSection
	GlobalSection(ProjectConfigurationPlatforms) = postSolution
		{BCA06A0C-5EB9-4488-958C-61344E8A0AD5}.Debug|Any CPU.ActiveCfg = Debug|Any CPU
		{BCA06A0C-5EB9-4488-958C-61344E8A0AD5}.Debug|Any CPU.Build.0 = Debug|Any CPU
		{BCA06A0C-5EB9-4488-958C-61344E8A0AD5}.Release|Any CPU.ActiveCfg = Release|Any CPU
		{BCA06A0C-5EB9-4488-958C-61344E8A0AD5}.Release|Any CPU.Build.0 = Release|Any CPU
		{6B58A91E-E26A-4A89-890C-AFBBA29DC32E}.Debug|Any CPU.ActiveCfg = Debug|Any CPU
		{6B58A91E-E26A-4A89-890C-AFBBA29DC32E}.Debug|Any CPU.Build.0 = Debug|Any CPU
		{6B58A91E-E26A-4A89-890C-AFBBA29DC32E}.Release|Any CPU.ActiveCfg = Release|Any CPU
		{6B58A91E-E26A-4A89-890C-AFBBA29DC32E}.Release|Any CPU.Build.0 = Release|Any CPU
		{5005FC67-25FE-4BC1-9A7E-B3A49900B9EF}.Debug|Any CPU.ActiveCfg = Debug|Any CPU
		{5005FC67-25FE-4BC1-9A7E-B3A49900B9EF}.Debug|Any CPU.Build.0 = Debug|Any CPU
		{5005FC67-25FE-4BC1-9A7E-B3A49900B9EF}.Release|Any CPU.ActiveCfg = Release|Any CPU
		{5005FC67-25FE-4BC1-9A7E-B3A49900B9EF}.Release|Any CPU.Build.0 = Release|Any CPU
		{E76E0429-C9ED-403B-8082-F38156C8D0C5}.Debug|Any CPU.ActiveCfg = Debug|Any CPU
		{E76E0429-C9ED-403B-8082-F38156C8D0C5}.Debug|Any CPU.Build.0 = Debug|Any CPU
		{E76E0429-C9ED-403B-8082-F38156C8D0C5}.Release|Any CPU.ActiveCfg = Release|Any CPU
		{E76E0429-C9ED-403B-8082-F38156C8D0C5}.Release|Any CPU.Build.0 = Release|Any CPU
		{160E1412-0973-4AC1-8DB5-C69228F87DFE}.Debug|Any CPU.ActiveCfg = Debug|Any CPU
		{160E1412-0973-4AC1-8DB5-C69228F87DFE}.Debug|Any CPU.Build.0 = Debug|Any CPU
		{160E1412-0973-4AC1-8DB5-C69228F87DFE}.Release|Any CPU.ActiveCfg = Release|Any CPU
		{160E1412-0973-4AC1-8DB5-C69228F87DFE}.Release|Any CPU.Build.0 = Release|Any CPU
		{B6249F27-327F-49A6-A778-574F0CD73F95}.Debug|Any CPU.ActiveCfg = Debug|Any CPU
		{B6249F27-327F-49A6-A778-574F0CD73F95}.Debug|Any CPU.Build.0 = Debug|Any CPU
		{B6249F27-327F-49A6-A778-574F0CD73F95}.Release|Any CPU.ActiveCfg = Release|Any CPU
		{B6249F27-327F-49A6-A778-574F0CD73F95}.Release|Any CPU.Build.0 = Release|Any CPU
		{CC3A174D-148B-486C-B9B6-2AB32194E923}.Debug|Any CPU.ActiveCfg = Debug|Any CPU
		{CC3A174D-148B-486C-B9B6-2AB32194E923}.Debug|Any CPU.Build.0 = Debug|Any CPU
		{CC3A174D-148B-486C-B9B6-2AB32194E923}.Release|Any CPU.ActiveCfg = Release|Any CPU
		{CC3A174D-148B-486C-B9B6-2AB32194E923}.Release|Any CPU.Build.0 = Release|Any CPU
		{A7D3044F-A8D8-4AD6-A3DE-675C692EF839}.Debug|Any CPU.ActiveCfg = Debug|Any CPU
		{A7D3044F-A8D8-4AD6-A3DE-675C692EF839}.Debug|Any CPU.Build.0 = Debug|Any CPU
		{A7D3044F-A8D8-4AD6-A3DE-675C692EF839}.Release|Any CPU.ActiveCfg = Release|Any CPU
		{A7D3044F-A8D8-4AD6-A3DE-675C692EF839}.Release|Any CPU.Build.0 = Release|Any CPU
		{F5C332D5-0A89-4385-8FEB-E909F9F9E565}.Debug|Any CPU.ActiveCfg = Debug|Any CPU
		{F5C332D5-0A89-4385-8FEB-E909F9F9E565}.Debug|Any CPU.Build.0 = Debug|Any CPU
		{F5C332D5-0A89-4385-8FEB-E909F9F9E565}.Release|Any CPU.ActiveCfg = Release|Any CPU
		{F5C332D5-0A89-4385-8FEB-E909F9F9E565}.Release|Any CPU.Build.0 = Release|Any CPU
		{450CEB33-117B-4D7E-92FE-53821F37FAE1}.Debug|Any CPU.ActiveCfg = Debug|Any CPU
		{450CEB33-117B-4D7E-92FE-53821F37FAE1}.Debug|Any CPU.Build.0 = Debug|Any CPU
		{450CEB33-117B-4D7E-92FE-53821F37FAE1}.Release|Any CPU.ActiveCfg = Release|Any CPU
		{450CEB33-117B-4D7E-92FE-53821F37FAE1}.Release|Any CPU.Build.0 = Release|Any CPU
		{4137EF94-4245-49C4-884B-BDA10E94304D}.Debug|Any CPU.ActiveCfg = Debug|Any CPU
		{4137EF94-4245-49C4-884B-BDA10E94304D}.Debug|Any CPU.Build.0 = Debug|Any CPU
		{4137EF94-4245-49C4-884B-BDA10E94304D}.Release|Any CPU.ActiveCfg = Release|Any CPU
		{4137EF94-4245-49C4-884B-BDA10E94304D}.Release|Any CPU.Build.0 = Release|Any CPU
		{17AFAE71-F5D3-4E1A-B170-DC5EDDCA4AA2}.Debug|Any CPU.ActiveCfg = Debug|Any CPU
		{17AFAE71-F5D3-4E1A-B170-DC5EDDCA4AA2}.Debug|Any CPU.Build.0 = Debug|Any CPU
		{17AFAE71-F5D3-4E1A-B170-DC5EDDCA4AA2}.Release|Any CPU.ActiveCfg = Release|Any CPU
		{17AFAE71-F5D3-4E1A-B170-DC5EDDCA4AA2}.Release|Any CPU.Build.0 = Release|Any CPU
	EndGlobalSection
	GlobalSection(SolutionProperties) = preSolution
		HideSolutionNode = FALSE
	EndGlobalSection
	GlobalSection(ExtensibilityGlobals) = postSolution
		SolutionGuid = {E17779B4-CEDB-4C21-BA51-4565A1EEDC20}
	EndGlobalSection
EndGlobal
